# This file is automatically @generated by Cargo.
# It is not intended for manual editing.
[[package]]
name = "combination"
version = "0.1.2"
source = "registry+https://github.com/rust-lang/crates.io-index"
checksum = "dfb42c29f0e8fdd208b13976859e9d6be9ce3f25d85e1d4ced76b7518bc9384b"

[[package]]
name = "day1rs"
version = "0.1.0"
dependencies = [
 "combination",
]
